
Microsoft Visual Studio Solution File, Format Version 12.00
# Visual Studio Version 16
VisualStudioVersion = 16.0.31829.152
MinimumVisualStudioVersion = 10.0.40219.1
Project("{FAE04EC0-301F-11D3-BF4B-00C04F79EFBC}") = "Age", "Age\Age.csproj", "{6FFBFBBF-A173-4C7E-919F-C3E2BF767230}"
EndProject
Project("{FAE04EC0-301F-11D3-BF4B-00C04F79EFBC}") = "Rectangle", "Rectangle\Rectangle.csproj", "{8FBC3E72-301C-4281-BE82-3F82DED13432}"
EndProject
Global
	GlobalSection(SolutionConfigurationPlatforms) = preSolution
		Debug|Any CPU = Debug|Any CPU
		Release|Any CPU = Release|Any CPU
	EndGlobalSection
	GlobalSection(ProjectConfigurationPlatforms) = postSolution
		{6FFBFBBF-A173-4C7E-919F-C3E2BF767230}.Debug|Any CPU.ActiveCfg = Debug|Any CPU
		{6FFBFBBF-A173-4C7E-919F-C3E2BF767230}.Debug|Any CPU.Build.0 = Debug|Any CPU
		{6FFBFBBF-A173-4C7E-919F-C3E2BF767230}.Release|Any CPU.ActiveCfg = Release|Any CPU
		{6FFBFBBF-A173-4C7E-919F-C3E2BF767230}.Release|Any CPU.Build.0 = Release|Any CPU
		{8FBC3E72-301C-4281-BE82-3F82DED13432}.Debug|Any CPU.ActiveCfg = Debug|Any CPU
		{8FBC3E72-301C-4281-BE82-3F82DED13432}.Debug|Any CPU.Build.0 = Debug|Any CPU
		{8FBC3E72-301C-4281-BE82-3F82DED13432}.Release|Any CPU.ActiveCfg = Release|Any CPU
		{8FBC3E72-301C-4281-BE82-3F82DED13432}.Release|Any CPU.Build.0 = Release|Any CPU
	EndGlobalSection
	GlobalSection(SolutionProperties) = preSolution
		HideSolutionNode = FALSE
	EndGlobalSection
	GlobalSection(ExtensibilityGlobals) = postSolution
		SolutionGuid = {5CD97EEC-8F97-4D97-91C0-D106612D9ACA}
	EndGlobalSection
EndGlobal
